
Microsoft Visual Studio Solution File, Format Version 12.00
# Visual Studio Version 17
VisualStudioVersion = 17.8.34408.163
MinimumVisualStudioVersion = 10.0.40219.1
Project("{FAE04EC0-301F-11D3-BF4B-00C04F79EFBC}") = "Mission11_PJ_Phethean", "Mission11_PJ_Phethean\Mission11_PJ_Phethean.csproj", "{6B88B9B1-5102-48A6-84D1-414CDE25DF32}"
EndProject
Global
	GlobalSection(SolutionConfigurationPlatforms) = preSolution
		Debug|Any CPU = Debug|Any CPU
		Release|Any CPU = Release|Any CPU
	EndGlobalSection
	GlobalSection(ProjectConfigurationPlatforms) = postSolution
		{6B88B9B1-5102-48A6-84D1-414CDE25DF32}.Debug|Any CPU.ActiveCfg = Debug|Any CPU
		{6B88B9B1-5102-48A6-84D1-414CDE25DF32}.Debug|Any CPU.Build.0 = Debug|Any CPU
		{6B88B9B1-5102-48A6-84D1-414CDE25DF32}.Release|Any CPU.ActiveCfg = Release|Any CPU
		{6B88B9B1-5102-48A6-84D1-414CDE25DF32}.Release|Any CPU.Build.0 = Release|Any CPU
	EndGlobalSection
	GlobalSection(SolutionProperties) = preSolution
		HideSolutionNode = FALSE
	EndGlobalSection
	GlobalSection(ExtensibilityGlobals) = postSolution
		SolutionGuid = {5C16C18B-708F-4D31-8CCD-C4BBC54EAFB5}
	EndGlobalSection
EndGlobal
